
Microsoft Visual Studio Solution File, Format Version 12.00
# Visual Studio Version 17
VisualStudioVersion = 17.3.32929.385
MinimumVisualStudioVersion = 10.0.40219.1
Project("{FAE04EC0-301F-11D3-BF4B-00C04F79EFBC}") = "225_ImplementStackUsingQueues", "225_ImplementStackUsingQueues.csproj", "{1812B6C5-D3E9-42E9-8BCE-E67C7778FFB4}"
EndProject
Global
	GlobalSection(SolutionConfigurationPlatforms) = preSolution
		Debug|Any CPU = Debug|Any CPU
		Release|Any CPU = Release|Any CPU
	EndGlobalSection
	GlobalSection(ProjectConfigurationPlatforms) = postSolution
		{1812B6C5-D3E9-42E9-8BCE-E67C7778FFB4}.Debug|Any CPU.ActiveCfg = Debug|Any CPU
		{1812B6C5-D3E9-42E9-8BCE-E67C7778FFB4}.Debug|Any CPU.Build.0 = Debug|Any CPU
		{1812B6C5-D3E9-42E9-8BCE-E67C7778FFB4}.Release|Any CPU.ActiveCfg = Release|Any CPU
		{1812B6C5-D3E9-42E9-8BCE-E67C7778FFB4}.Release|Any CPU.Build.0 = Release|Any CPU
	EndGlobalSection
	GlobalSection(SolutionProperties) = preSolution
		HideSolutionNode = FALSE
	EndGlobalSection
	GlobalSection(ExtensibilityGlobals) = postSolution
		SolutionGuid = {5C551BD8-0EFB-484E-9A93-B2F698ECDDD3}
	EndGlobalSection
EndGlobal
